{
  "name": "@labor/helpers.js",
  "version": "1.0.3",
  "lockfileVersion": 1,
  "requires": true,
  "dependencies": {
    "@types/jquery": {
      "version": "3.3.9",
      "resolved": "https://npm.labor.tools/@types%2fjquery/-/jquery-3.3.9.tgz",
      "integrity": "sha512-jd5gnS4K5C3MfcYPXdIPpMnFnbYpRdzZQQGkOBbyMiTsAaNTqMGyAJAZlEbMc0EwPaZFzFD+U3zxL/dhBsWsIQ=="
    }
  }
}
